
Microsoft Visual Studio Solution File, Format Version 12.00
# Visual Studio Version 17
VisualStudioVersion = 17.9.34723.18
MinimumVisualStudioVersion = 10.0.40219.1
Project("{9A19103F-16F7-4668-BE54-9A1E7A4F7556}") = "DirectoryCLI", "DirectoryCLI.csproj", "{64D35457-D67E-46A9-B869-7FB3C1F8C09D}"
EndProject
Global
	GlobalSection(SolutionConfigurationPlatforms) = preSolution
		Debug|Any CPU = Debug|Any CPU
		Release|Any CPU = Release|Any CPU
	EndGlobalSection
	GlobalSection(ProjectConfigurationPlatforms) = postSolution
		{64D35457-D67E-46A9-B869-7FB3C1F8C09D}.Debug|Any CPU.ActiveCfg = Debug|Any CPU
		{64D35457-D67E-46A9-B869-7FB3C1F8C09D}.Debug|Any CPU.Build.0 = Debug|Any CPU
		{64D35457-D67E-46A9-B869-7FB3C1F8C09D}.Release|Any CPU.ActiveCfg = Release|Any CPU
		{64D35457-D67E-46A9-B869-7FB3C1F8C09D}.Release|Any CPU.Build.0 = Release|Any CPU
	EndGlobalSection
	GlobalSection(SolutionProperties) = preSolution
		HideSolutionNode = FALSE
	EndGlobalSection
	GlobalSection(ExtensibilityGlobals) = postSolution
		SolutionGuid = {37593BF3-AA94-44E7-ABA6-92FF0B8806C2}
	EndGlobalSection
EndGlobal
